// !$*UTF8*$!
{
	archiveVersion = 1;
	classes = {
	};
	objectVersion = 55;
	objects = {

/* Begin PBXBuildFile section */
		F50FC03A28747F8100334E99 /* TeslaMockupAppApp.swift in Sources */ = {isa = PBXBuildFile; fileRef = F50FC03928747F8100334E99 /* TeslaMockupAppApp.swift */; };
		F50FC03C28747F8100334E99 /* ContentView.swift in Sources */ = {isa = PBXBuildFile; fileRef = F50FC03B28747F8100334E99 /* ContentView.swift */; };
		F50FC03E28747F8300334E99 /* Assets.xcassets in Resources */ = {isa = PBXBuildFile; fileRef = F50FC03D28747F8300334E99 /* Assets.xcassets */; };
		F50FC04128747F8300334E99 /* Preview Assets.xcassets in Resources */ = {isa = PBXBuildFile; fileRef = F50FC04028747F8300334E99 /* Preview Assets.xcassets */; };
		F586F0B12877256400BF39E6 /* CarControlsView.swift in Sources */ = {isa = PBXBuildFile; fileRef = F586F0B02877256400BF39E6 /* CarControlsView.swift */; };
		F586F0B32877318C00BF39E6 /* LocationView.swift in Sources */ = {isa = PBXBuildFile; fileRef = F586F0B22877318C00BF39E6 /* LocationView.swift */; };
		F586F0B52877337800BF39E6 /* CommonComponents.swift in Sources */ = {isa = PBXBuildFile; fileRef = F586F0B42877337800BF39E6 /* CommonComponents.swift */; };
		F5ACDB7E287AC660007A2132 /* ActionComponents.swift in Sources */ = {isa = PBXBuildFile; fileRef = F5ACDB7D287AC660007A2132 /* ActionComponents.swift */; };
		F5ACDB83287B324B007A2132 /* gladiator.mp3 in Resources */ = {isa = PBXBuildFile; fileRef = F5ACDB81287B324B007A2132 /* gladiator.mp3 */; };
		F5ACDB85287B338F007A2132 /* thisissparta.mp3 in Resources */ = {isa = PBXBuildFile; fileRef = F5ACDB84287B338F007A2132 /* thisissparta.mp3 */; };
/* End PBXBuildFile section */

/* Begin PBXFileReference section */
		F50FC03628747F8100334E99 /* TeslaMockupApp.app */ = {isa = PBXFileReference; explicitFileType = wrapper.application; includeInIndex = 0; path = TeslaMockupApp.app; sourceTree = BUILT_PRODUCTS_DIR; };
		F50FC03928747F8100334E99 /* TeslaMockupAppApp.swift */ = {isa = PBXFileReference; lastKnownFileType = sourcecode.swift; path = TeslaMockupAppApp.swift; sourceTree = "<group>"; };
		F50FC03B28747F8100334E99 /* ContentView.swift */ = {isa = PBXFileReference; lastKnownFileType = sourcecode.swift; path = ContentView.swift; sourceTree = "<group>"; };
		F50FC03D28747F8300334E99 /* Assets.xcassets */ = {isa = PBXFileReference; lastKnownFileType = folder.assetcatalog; path = Assets.xcassets; sourceTree = "<group>"; };
		F50FC04028747F8300334E99 /* Preview Assets.xcassets */ = {isa = PBXFileReference; lastKnownFileType = folder.assetcatalog; path = "Preview Assets.xcassets"; sourceTree = "<group>"; };
		F586F0B02877256400BF39E6 /* CarControlsView.swift */ = {isa = PBXFileReference; lastKnownFileType = sourcecode.swift; path = CarControlsView.swift; sourceTree = "<group>"; };
		F586F0B22877318C00BF39E6 /* LocationView.swift */ = {isa = PBXFileReference; lastKnownFileType = sourcecode.swift; path = LocationView.swift; sourceTree = "<group>"; };
		F586F0B42877337800BF39E6 /* CommonComponents.swift */ = {isa = PBXFileReference; lastKnownFileType = sourcecode.swift; path = CommonComponents.swift; sourceTree = "<group>"; };
		F5ACDB7D287AC660007A2132 /* ActionComponents.swift */ = {isa = PBXFileReference; lastKnownFileType = sourcecode.swift; path = ActionComponents.swift; sourceTree = "<group>"; };
		F5ACDB81287B324B007A2132 /* gladiator.mp3 */ = {isa = PBXFileReference; lastKnownFileType = audio.mp3; path = gladiator.mp3; sourceTree = "<group>"; };
		F5ACDB84287B338F007A2132 /* thisissparta.mp3 */ = {isa = PBXFileReference; lastKnownFileType = audio.mp3; path = thisissparta.mp3; sourceTree = "<group>"; };
/* End PBXFileReference section */

/* Begin PBXFrameworksBuildPhase section */
		F50FC03328747F8100334E99 /* Frameworks */ = {
			isa = PBXFrameworksBuildPhase;
			buildActionMask = 2147483647;
			files = (
			);
			runOnlyForDeploymentPostprocessing = 0;
		};
/* End PBXFrameworksBuildPhase section */

/* Begin PBXGroup section */
		F50FC02D28747F8100334E99 = {
			isa = PBXGroup;
			children = (
				F50FC03828747F8100334E99 /* TeslaMockupApp */,
				F50FC03728747F8100334E99 /* Products */,
			);
			sourceTree = "<group>";
		};
		F50FC03728747F8100334E99 /* Products */ = {
			isa = PBXGroup;
			children = (
				F50FC03628747F8100334E99 /* TeslaMockupApp.app */,
			);
			name = Products;
			sourceTree = "<group>";
		};
		F50FC03828747F8100334E99 /* TeslaMockupApp */ = {
			isa = PBXGroup;
			children = (
				F5ACDB7F287B31DE007A2132 /* honk */,
				F50FC03928747F8100334E99 /* TeslaMockupAppApp.swift */,
				F50FC03B28747F8100334E99 /* ContentView.swift */,
				F5ACDB7D287AC660007A2132 /* ActionComponents.swift */,
				F586F0B02877256400BF39E6 /* CarControlsView.swift */,
				F586F0B22877318C00BF39E6 /* LocationView.swift */,
				F586F0B42877337800BF39E6 /* CommonComponents.swift */,
				F50FC03D28747F8300334E99 /* Assets.xcassets */,
				F50FC03F28747F8300334E99 /* Preview Content */,
			);
			path = TeslaMockupApp;
			sourceTree = "<group>";
		};
		F50FC03F28747F8300334E99 /* Preview Content */ = {
			isa = PBXGroup;
			children = (
				F50FC04028747F8300334E99 /* Preview Assets.xcassets */,
			);
			path = "Preview Content";
			sourceTree = "<group>";
		};
		F5ACDB7F287B31DE007A2132 /* honk */ = {
			isa = PBXGroup;
			children = (
				F5ACDB84287B338F007A2132 /* thisissparta.mp3 */,
				F5ACDB81287B324B007A2132 /* gladiator.mp3 */,
			);
			path = honk;
			sourceTree = "<group>";
		};
/* End PBXGroup section */

/* Begin PBXNativeTarget section */
		F50FC03528747F8100334E99 /* TeslaMockupApp */ = {
			isa = PBXNativeTarget;
			buildConfigurationList = F50FC04428747F8300334E99 /* Build configuration list for PBXNativeTarget "TeslaMockupApp" */;
			buildPhases = (
				F50FC03228747F8100334E99 /* Sources */,
				F50FC03328747F8100334E99 /* Frameworks */,
				F50FC03428747F8100334E99 /* Resources */,
			);
			buildRules = (
			);
			dependencies = (
			);
			name = TeslaMockupApp;
			productName = TeslaMockupApp;
			productReference = F50FC03628747F8100334E99 /* TeslaMockupApp.app */;
			productType = "com.apple.product-type.application";
		};
/* End PBXNativeTarget section */

/* Begin PBXProject section */
		F50FC02E28747F8100334E99 /* Project object */ = {
			isa = PBXProject;
			attributes = {
				BuildIndependentTargetsInParallel = 1;
				LastSwiftUpdateCheck = 1340;
				LastUpgradeCheck = 1340;
				TargetAttributes = {
					F50FC03528747F8100334E99 = {
						CreatedOnToolsVersion = 13.4.1;
					};
				};
			};
			buildConfigurationList = F50FC03128747F8100334E99 /* Build configuration list for PBXProject "TeslaMockupApp" */;
			compatibilityVersion = "Xcode 13.0";
			developmentRegion = en;
			hasScannedForEncodings = 0;
			knownRegions = (
				en,
				Base,
			);
			mainGroup = F50FC02D28747F8100334E99;
			productRefGroup = F50FC03728747F8100334E99 /* Products */;
			projectDirPath = "";
			projectRoot = "";
			targets = (
				F50FC03528747F8100334E99 /* TeslaMockupApp */,
			);
		};
/* End PBXProject section */

/* Begin PBXResourcesBuildPhase section */
		F50FC03428747F8100334E99 /* Resources */ = {
			isa = PBXResourcesBuildPhase;
			buildActionMask = 2147483647;
			files = (
				F50FC04128747F8300334E99 /* Preview Assets.xcassets in Resources */,
				F50FC03E28747F8300334E99 /* Assets.xcassets in Resources */,
				F5ACDB85287B338F007A2132 /* thisissparta.mp3 in Resources */,
				F5ACDB83287B324B007A2132 /* gladiator.mp3 in Resources */,
			);
			runOnlyForDeploymentPostprocessing = 0;
		};
/* End PBXResourcesBuildPhase section */

/* Begin PBXSourcesBuildPhase section */
		F50FC03228747F8100334E99 /* Sources */ = {
			isa = PBXSourcesBuildPhase;
			buildActionMask = 2147483647;
			files = (
				F50FC03C28747F8100334E99 /* ContentView.swift in Sources */,
				F586F0B32877318C00BF39E6 /* LocationView.swift in Sources */,
				F586F0B52877337800BF39E6 /* CommonComponents.swift in Sources */,
				F5ACDB7E287AC660007A2132 /* ActionComponents.swift in Sources */,
				F586F0B12877256400BF39E6 /* CarControlsView.swift in Sources */,
				F50FC03A28747F8100334E99 /* TeslaMockupAppApp.swift in Sources */,
			);
			runOnlyForDeploymentPostprocessing = 0;
		};
/* End PBXSourcesBuildPhase section */

/* Begin XCBuildConfiguration section */
		F50FC04228747F8300334E99 /* Debug */ = {
			isa = XCBuildConfiguration;
			buildSettings = {
				ALWAYS_SEARCH_USER_PATHS = NO;
				CLANG_ANALYZER_NONNULL = YES;
				CLANG_ANALYZER_NUMBER_OBJECT_CONVERSION = YES_AGGRESSIVE;
				CLANG_CXX_LANGUAGE_STANDARD = "gnu++17";
				CLANG_ENABLE_MODULES = YES;
				CLANG_ENABLE_OBJC_ARC = YES;
				CLANG_ENABLE_OBJC_WEAK = YES;
				CLANG_WARN_BLOCK_CAPTURE_AUTORELEASING = YES;
				CLANG_WARN_BOOL_CONVERSION = YES;
				CLANG_WARN_COMMA = YES;
				CLANG_WARN_CONSTANT_CONVERSION = YES;
				CLANG_WARN_DEPRECATED_OBJC_IMPLEMENTATIONS = YES;
				CLANG_WARN_DIRECT_OBJC_ISA_USAGE = YES_ERROR;
				CLANG_WARN_DOCUMENTATION_COMMENTS = YES;
				CLANG_WARN_EMPTY_BODY = YES;
				CLANG_WARN_ENUM_CONVERSION = YES;
				CLANG_WARN_INFINITE_RECURSION = YES;
				CLANG_WARN_INT_CONVERSION = YES;
				CLANG_WARN_NON_LITERAL_NULL_CONVERSION = YES;
				CLANG_WARN_OBJC_IMPLICIT_RETAIN_SELF = YES;
				CLANG_WARN_OBJC_LITERAL_CONVERSION = YES;
				CLANG_WARN_OBJC_ROOT_CLASS = YES_ERROR;
				CLANG_WARN_QUOTED_INCLUDE_IN_FRAMEWORK_HEADER = YES;
				CLANG_WARN_RANGE_LOOP_ANALYSIS = YES;
				CLANG_WARN_STRICT_PROTOTYPES = YES;
				CLANG_WARN_SUSPICIOUS_MOVE = YES;
				CLANG_WARN_UNGUARDED_AVAILABILITY = YES_AGGRESSIVE;
				CLANG_WARN_UNREACHABLE_CODE = YES;
				CLANG_WARN__DUPLICATE_METHOD_MATCH = YES;
				COPY_PHASE_STRIP = NO;
				DEBUG_INFORMATION_FORMAT = dwarf;
				ENABLE_STRICT_OBJC_MSGSEND = YES;
				ENABLE_TESTABILITY = YES;
				GCC_C_LANGUAGE_STANDARD = gnu11;
				GCC_DYNAMIC_NO_PIC = NO;
				GCC_NO_COMMON_BLOCKS = YES;
				GCC_OPTIMIZATION_LEVEL = 0;
				GCC_PREPROCESSOR_DEFINITIONS = (
					"DEBUG=1",
					"$(inherited)",
				);
				GCC_WARN_64_TO_32_BIT_CONVERSION = YES;
				GCC_WARN_ABOUT_RETURN_TYPE = YES_ERROR;
				GCC_WARN_UNDECLARED_SELECTOR = YES;
				GCC_WARN_UNINITIALIZED_AUTOS = YES_AGGRESSIVE;
				GCC_WARN_UNUSED_FUNCTION = YES;
				GCC_WARN_UNUSED_VARIABLE = YES;
				IPHONEOS_DEPLOYMENT_TARGET = 15.5;
				MTL_ENABLE_DEBUG_INFO = INCLUDE_SOURCE;
				MTL_FAST_MATH = YES;
				ONLY_ACTIVE_ARCH = YES;
				SDKROOT = iphoneos;
				SWIFT_ACTIVE_COMPILATION_CONDITIONS = DEBUG;
				SWIFT_OPTIMIZATION_LEVEL = "-Onone";
			};
			name = Debug;
		};
		F50FC04328747F8300334E99 /* Release */ = {
			isa = XCBuildConfiguration;
			buildSettings = {
				ALWAYS_SEARCH_USER_PATHS = NO;
				CLANG_ANALYZER_NONNULL = YES;
				CLANG_ANALYZER_NUMBER_OBJECT_CONVERSION = YES_AGGRESSIVE;
				CLANG_CXX_LANGUAGE_STANDARD = "gnu++17";
				CLANG_ENABLE_MODULES = YES;
				CLANG_ENABLE_OBJC_ARC = YES;
				CLANG_ENABLE_OBJC_WEAK = YES;
				CLANG_WARN_BLOCK_CAPTURE_AUTORELEASING = YES;
				CLANG_WARN_BOOL_CONVERSION = YES;
				CLANG_WARN_COMMA = YES;
				CLANG_WARN_CONSTANT_CONVERSION = YES;
				CLANG_WARN_DEPRECATED_OBJC_IMPLEMENTATIONS = YES;
				CLANG_WARN_DIRECT_OBJC_ISA_USAGE = YES_ERROR;
				CLANG_WARN_DOCUMENTATION_COMMENTS = YES;
				CLANG_WARN_EMPTY_BODY = YES;
				CLANG_WARN_ENUM_CONVERSION = YES;
				CLANG_WARN_INFINITE_RECURSION = YES;
				CLANG_WARN_INT_CONVERSION = YES;
				CLANG_WARN_NON_LITERAL_NULL_CONVERSION = YES;
				CLANG_WARN_OBJC_IMPLICIT_RETAIN_SELF = YES;
				CLANG_WARN_OBJC_LITERAL_CONVERSION = YES;
				CLANG_WARN_OBJC_ROOT_CLASS = YES_ERROR;
				CLANG_WARN_QUOTED_INCLUDE_IN_FRAMEWORK_HEADER = YES;
				CLANG_WARN_RANGE_LOOP_ANALYSIS = YES;
				CLANG_WARN_STRICT_PROTOTYPES = YES;
				CLANG_WARN_SUSPICIOUS_MOVE = YES;
				CLANG_WARN_UNGUARDED_AVAILABILITY = YES_AGGRESSIVE;
				CLANG_WARN_UNREACHABLE_CODE = YES;
				CLANG_WARN__DUPLICATE_METHOD_MATCH = YES;
				COPY_PHASE_STRIP = NO;
				DEBUG_INFORMATION_FORMAT = "dwarf-with-dsym";
				ENABLE_NS_ASSERTIONS = NO;
				ENABLE_STRICT_OBJC_MSGSEND = YES;
				GCC_C_LANGUAGE_STANDARD = gnu11;
				GCC_NO_COMMON_BLOCKS = YES;
				GCC_WARN_64_TO_32_BIT_CONVERSION = YES;
				GCC_WARN_ABOUT_RETURN_TYPE = YES_ERROR;
				GCC_WARN_UNDECLARED_SELECTOR = YES;
				GCC_WARN_UNINITIALIZED_AUTOS = YES_AGGRESSIVE;
				GCC_WARN_UNUSED_FUNCTION = YES;
				GCC_WARN_UNUSED_VARIABLE = YES;
				IPHONEOS_DEPLOYMENT_TARGET = 15.5;
				MTL_ENABLE_DEBUG_INFO = NO;
				MTL_FAST_MATH = YES;
				SDKROOT = iphoneos;
				SWIFT_COMPILATION_MODE = wholemodule;
				SWIFT_OPTIMIZATION_LEVEL = "-O";
				VALIDATE_PRODUCT = YES;
			};
			name = Release;
		};
		F50FC04528747F8300334E99 /* Debug */ = {
			isa = XCBuildConfiguration;
			buildSettings = {
				ASSETCATALOG_COMPILER_APPICON_NAME = AppIcon;
				ASSETCATALOG_COMPILER_GLOBAL_ACCENT_COLOR_NAME = AccentColor;
				ASSETCATALOG_COMPILER_INCLUDE_ALL_APPICON_ASSETS = NO;
				CODE_SIGN_STYLE = Automatic;
				CURRENT_PROJECT_VERSION = 1;
				DEVELOPMENT_ASSET_PATHS = "\"TeslaMockupApp/Preview Content\"";
				DEVELOPMENT_TEAM = "";
				ENABLE_PREVIEWS = YES;
				GENERATE_INFOPLIST_FILE = YES;
				INFOPLIST_KEY_UIApplicationSceneManifest_Generation = YES;
				INFOPLIST_KEY_UIApplicationSupportsIndirectInputEvents = YES;
				INFOPLIST_KEY_UILaunchScreen_Generation = YES;
				INFOPLIST_KEY_UISupportedInterfaceOrientations_iPad = "UIInterfaceOrientationPortrait UIInterfaceOrientationPortraitUpsideDown UIInterfaceOrientationLandscapeLeft UIInterfaceOrientationLandscapeRight";
				INFOPLIST_KEY_UISupportedInterfaceOrientations_iPhone = "UIInterfaceOrientationPortrait UIInterfaceOrientationLandscapeLeft UIInterfaceOrientationLandscapeRight";
				LD_RUNPATH_SEARCH_PATHS = (
					"$(inherited)",
					"@executable_path/Frameworks",
				);
				MARKETING_VERSION = 1.0;
				PRODUCT_BUNDLE_IDENTIFIER = com.ajitkumar.TeslaMockupApp;
				PRODUCT_NAME = "$(TARGET_NAME)";
				SWIFT_EMIT_LOC_STRINGS = YES;
				SWIFT_VERSION = 5.0;
				TARGETED_DEVICE_FAMILY = "1,2";
			};
			name = Debug;
		};
		F50FC04628747F8300334E99 /* Release */ = {
			isa = XCBuildConfiguration;
			buildSettings = {
				ASSETCATALOG_COMPILER_APPICON_NAME = AppIcon;
				ASSETCATALOG_COMPILER_GLOBAL_ACCENT_COLOR_NAME = AccentColor;
				ASSETCATALOG_COMPILER_INCLUDE_ALL_APPICON_ASSETS = NO;
				CODE_SIGN_STYLE = Automatic;
				CURRENT_PROJECT_VERSION = 1;
				DEVELOPMENT_ASSET_PATHS = "\"TeslaMockupApp/Preview Content\"";
				DEVELOPMENT_TEAM = "";
				ENABLE_PREVIEWS = YES;
				GENERATE_INFOPLIST_FILE = YES;
				INFOPLIST_KEY_UIApplicationSceneManifest_Generation = YES;
				INFOPLIST_KEY_UIApplicationSupportsIndirectInputEvents = YES;
				INFOPLIST_KEY_UILaunchScreen_Generation = YES;
				INFOPLIST_KEY_UISupportedInterfaceOrientations_iPad = "UIInterfaceOrientationPortrait UIInterfaceOrientationPortraitUpsideDown UIInterfaceOrientationLandscapeLeft UIInterfaceOrientationLandscapeRight";
				INFOPLIST_KEY_UISupportedInterfaceOrientations_iPhone = "UIInterfaceOrientationPortrait UIInterfaceOrientationLandscapeLeft UIInterfaceOrientationLandscapeRight";
				LD_RUNPATH_SEARCH_PATHS = (
					"$(inherited)",
					"@executable_path/Frameworks",
				);
				MARKETING_VERSION = 1.0;
				PRODUCT_BUNDLE_IDENTIFIER = com.ajitkumar.TeslaMockupApp;
				PRODUCT_NAME = "$(TARGET_NAME)";
				SWIFT_EMIT_LOC_STRINGS = YES;
				SWIFT_VERSION = 5.0;
				TARGETED_DEVICE_FAMILY = "1,2";
			};
			name = Release;
		};
/* End XCBuildConfiguration section */

/* Begin XCConfigurationList section */
		F50FC03128747F8100334E99 /* Build configuration list for PBXProject "TeslaMockupApp" */ = {
			isa = XCConfigurationList;
			buildConfigurations = (
				F50FC04228747F8300334E99 /* Debug */,
				F50FC04328747F8300334E99 /* Release */,
			);
			defaultConfigurationIsVisible = 0;
			defaultConfigurationName = Release;
		};
		F50FC04428747F8300334E99 /* Build configuration list for PBXNativeTarget "TeslaMockupApp" */ = {
			isa = XCConfigurationList;
			buildConfigurations = (
				F50FC04528747F8300334E99 /* Debug */,
				F50FC04628747F8300334E99 /* Release */,
			);
			defaultConfigurationIsVisible = 0;
			defaultConfigurationName = Release;
		};
/* End XCConfigurationList section */
	};
	rootObject = F50FC02E28747F8100334E99 /* Project object */;
}
